
Microsoft Visual Studio Solution File, Format Version 12.00
# Visual Studio Version 16
VisualStudioVersion = 16.0.29911.84
MinimumVisualStudioVersion = 10.0.40219.1
Project("{FAE04EC0-301F-11D3-BF4B-00C04F79EFBC}") = "StockAnalyzer", "StockAnalyzer\StockAnalyzer.csproj", "{8264284D-D9A3-475B-89B4-D3F827903BB6}"
EndProject
Global
	GlobalSection(SolutionConfigurationPlatforms) = preSolution
		Debug|Any CPU = Debug|Any CPU
		Release|Any CPU = Release|Any CPU
	EndGlobalSection
	GlobalSection(ProjectConfigurationPlatforms) = postSolution
		{8264284D-D9A3-475B-89B4-D3F827903BB6}.Debug|Any CPU.ActiveCfg = Debug|Any CPU
		{8264284D-D9A3-475B-89B4-D3F827903BB6}.Debug|Any CPU.Build.0 = Debug|Any CPU
		{8264284D-D9A3-475B-89B4-D3F827903BB6}.Release|Any CPU.ActiveCfg = Release|Any CPU
		{8264284D-D9A3-475B-89B4-D3F827903BB6}.Release|Any CPU.Build.0 = Release|Any CPU
	EndGlobalSection
	GlobalSection(SolutionProperties) = preSolution
		HideSolutionNode = FALSE
	EndGlobalSection
	GlobalSection(ExtensibilityGlobals) = postSolution
		SolutionGuid = {F82AE7F9-703D-4235-98F3-C33264AF45F2}
	EndGlobalSection
EndGlobal
